{
  "name": "belajar js front end",
  "lockfileVersion": 3,
  "requires": true,
  "packages": {
    "": {
      "dependencies": {
        "hantu": "^1.0.3"
      }
    },
    "node_modules/hantu": {
      "version": "1.0.3",
      "resolved": "https://registry.npmjs.org/hantu/-/hantu-1.0.3.tgz",
      "integrity": "sha512-elsNRFaBNHgVLSsni8+XFv53blQjpjjSFZwiv2ivQQT8Xn4gEHJKXcKuI/XdAqewoV3FUZ83XhRgxdd+tazT4Q==",
      "license": "ISC"
    }
  }
}
